
Microsoft Visual Studio Solution File, Format Version 12.00
# Visual Studio Version 17
VisualStudioVersion = 17.9.34622.214
MinimumVisualStudioVersion = 10.0.40219.1
Project("{FAE04EC0-301F-11D3-BF4B-00C04F79EFBC}") = "GlowOS", "GlowOS\GlowOS.csproj", "{B7E4AD21-F013-4671-8F63-AADC8AD00ABC}"
EndProject
Global
	GlobalSection(SolutionConfigurationPlatforms) = preSolution
		Debug|Any CPU = Debug|Any CPU
		Release|Any CPU = Release|Any CPU
	EndGlobalSection
	GlobalSection(ProjectConfigurationPlatforms) = postSolution
		{B7E4AD21-F013-4671-8F63-AADC8AD00ABC}.Debug|Any CPU.ActiveCfg = Debug|Any CPU
		{B7E4AD21-F013-4671-8F63-AADC8AD00ABC}.Debug|Any CPU.Build.0 = Debug|Any CPU
		{B7E4AD21-F013-4671-8F63-AADC8AD00ABC}.Release|Any CPU.ActiveCfg = Release|Any CPU
		{B7E4AD21-F013-4671-8F63-AADC8AD00ABC}.Release|Any CPU.Build.0 = Release|Any CPU
	EndGlobalSection
	GlobalSection(SolutionProperties) = preSolution
		HideSolutionNode = FALSE
	EndGlobalSection
	GlobalSection(ExtensibilityGlobals) = postSolution
		SolutionGuid = {7233F3E5-B71F-4FBC-A8B0-85DBE5628354}
	EndGlobalSection
EndGlobal
